
Microsoft Visual Studio Solution File, Format Version 12.00
# Visual Studio Version 16
VisualStudioVersion = 16.0.30320.27
MinimumVisualStudioVersion = 10.0.40219.1
Project("{9A19103F-16F7-4668-BE54-9A1E7A4F7556}") = "VOS", "VOS\VOS.csproj", "{753FDA39-9D15-48DE-97F6-38A8C2248FAE}"
EndProject
Project("{9A19103F-16F7-4668-BE54-9A1E7A4F7556}") = "VOS.Model", "VOS.Model\VOS.Model.csproj", "{779846C2-F4E0-4292-87F9-74EA5469B509}"
EndProject
Project("{9A19103F-16F7-4668-BE54-9A1E7A4F7556}") = "VOS.DataAccess", "VOS.DataAccess\VOS.DataAccess.csproj", "{D058656F-3C78-421D-800B-41E05414C708}"
EndProject
Project("{9A19103F-16F7-4668-BE54-9A1E7A4F7556}") = "VOS.ViewModel", "VOS.ViewModel\VOS.ViewModel.csproj", "{8FA9C3F8-2523-469A-9235-1FD5DC338953}"
EndProject
Project("{9A19103F-16F7-4668-BE54-9A1E7A4F7556}") = "VOS.Test", "VOS.Test\VOS.Test.csproj", "{D274638C-79A1-46F2-8563-A03228E729CD}"
EndProject
Global
	GlobalSection(SolutionConfigurationPlatforms) = preSolution
		Debug|Any CPU = Debug|Any CPU
		Release|Any CPU = Release|Any CPU
	EndGlobalSection
	GlobalSection(ProjectConfigurationPlatforms) = postSolution
		{753FDA39-9D15-48DE-97F6-38A8C2248FAE}.Debug|Any CPU.ActiveCfg = Debug|Any CPU
		{753FDA39-9D15-48DE-97F6-38A8C2248FAE}.Debug|Any CPU.Build.0 = Debug|Any CPU
		{753FDA39-9D15-48DE-97F6-38A8C2248FAE}.Release|Any CPU.ActiveCfg = Release|Any CPU
		{753FDA39-9D15-48DE-97F6-38A8C2248FAE}.Release|Any CPU.Build.0 = Release|Any CPU
		{779846C2-F4E0-4292-87F9-74EA5469B509}.Debug|Any CPU.ActiveCfg = Debug|Any CPU
		{779846C2-F4E0-4292-87F9-74EA5469B509}.Debug|Any CPU.Build.0 = Debug|Any CPU
		{779846C2-F4E0-4292-87F9-74EA5469B509}.Release|Any CPU.ActiveCfg = Release|Any CPU
		{779846C2-F4E0-4292-87F9-74EA5469B509}.Release|Any CPU.Build.0 = Release|Any CPU
		{D058656F-3C78-421D-800B-41E05414C708}.Debug|Any CPU.ActiveCfg = Debug|Any CPU
		{D058656F-3C78-421D-800B-41E05414C708}.Debug|Any CPU.Build.0 = Debug|Any CPU
		{D058656F-3C78-421D-800B-41E05414C708}.Release|Any CPU.ActiveCfg = Release|Any CPU
		{D058656F-3C78-421D-800B-41E05414C708}.Release|Any CPU.Build.0 = Release|Any CPU
		{8FA9C3F8-2523-469A-9235-1FD5DC338953}.Debug|Any CPU.ActiveCfg = Debug|Any CPU
		{8FA9C3F8-2523-469A-9235-1FD5DC338953}.Debug|Any CPU.Build.0 = Debug|Any CPU
		{8FA9C3F8-2523-469A-9235-1FD5DC338953}.Release|Any CPU.ActiveCfg = Release|Any CPU
		{8FA9C3F8-2523-469A-9235-1FD5DC338953}.Release|Any CPU.Build.0 = Release|Any CPU
		{D274638C-79A1-46F2-8563-A03228E729CD}.Debug|Any CPU.ActiveCfg = Debug|Any CPU
		{D274638C-79A1-46F2-8563-A03228E729CD}.Debug|Any CPU.Build.0 = Debug|Any CPU
		{D274638C-79A1-46F2-8563-A03228E729CD}.Release|Any CPU.ActiveCfg = Release|Any CPU
		{D274638C-79A1-46F2-8563-A03228E729CD}.Release|Any CPU.Build.0 = Release|Any CPU
	EndGlobalSection
	GlobalSection(SolutionProperties) = preSolution
		HideSolutionNode = FALSE
	EndGlobalSection
	GlobalSection(ExtensibilityGlobals) = postSolution
		SolutionGuid = {1F219808-E6E8-4C1D-B846-41F2F7CF20FA}
	EndGlobalSection
EndGlobal
